// !$*UTF8*$!
{
	archiveVersion = 1;
	classes = {
	};
	objectVersion = 50;
	objects = {

/* Begin PBXBuildFile section */
		65593914243B469A005EF3DD /* AppDelegate.swift in Sources */ = {isa = PBXBuildFile; fileRef = 65593913243B469A005EF3DD /* AppDelegate.swift */; };
		65593916243B469A005EF3DD /* SceneDelegate.swift in Sources */ = {isa = PBXBuildFile; fileRef = 65593915243B469A005EF3DD /* SceneDelegate.swift */; };
		65593918243B469A005EF3DD /* ViewController.swift in Sources */ = {isa = PBXBuildFile; fileRef = 65593917243B469A005EF3DD /* ViewController.swift */; };
		6559391B243B469A005EF3DD /* Main.storyboard in Resources */ = {isa = PBXBuildFile; fileRef = 65593919243B469A005EF3DD /* Main.storyboard */; };
		6559391D243B469B005EF3DD /* Assets.xcassets in Resources */ = {isa = PBXBuildFile; fileRef = 6559391C243B469B005EF3DD /* Assets.xcassets */; };
		65593920243B469B005EF3DD /* LaunchScreen.storyboard in Resources */ = {isa = PBXBuildFile; fileRef = 6559391E243B469B005EF3DD /* LaunchScreen.storyboard */; };
		65593928243B4D4A005EF3DD /* TwoTableViewController.swift in Sources */ = {isa = PBXBuildFile; fileRef = 65593927243B4D4A005EF3DD /* TwoTableViewController.swift */; };
		6559392A243B5598005EF3DD /* ThreeTABLEViewController.swift in Sources */ = {isa = PBXBuildFile; fileRef = 65593929243B5598005EF3DD /* ThreeTABLEViewController.swift */; };
		6559392C243B55F6005EF3DD /* FourthTableViewController.swift in Sources */ = {isa = PBXBuildFile; fileRef = 6559392B243B55F6005EF3DD /* FourthTableViewController.swift */; };
		6559392E243B5619005EF3DD /* FifthTableViewController.swift in Sources */ = {isa = PBXBuildFile; fileRef = 6559392D243B5619005EF3DD /* FifthTableViewController.swift */; };
/* End PBXBuildFile section */

/* Begin PBXFileReference section */
		65593910243B469A005EF3DD /* StepperDemo.app */ = {isa = PBXFileReference; explicitFileType = wrapper.application; includeInIndex = 0; path = StepperDemo.app; sourceTree = BUILT_PRODUCTS_DIR; };
		65593913243B469A005EF3DD /* AppDelegate.swift */ = {isa = PBXFileReference; lastKnownFileType = sourcecode.swift; path = AppDelegate.swift; sourceTree = "<group>"; };
		65593915243B469A005EF3DD /* SceneDelegate.swift */ = {isa = PBXFileReference; lastKnownFileType = sourcecode.swift; path = SceneDelegate.swift; sourceTree = "<group>"; };
		65593917243B469A005EF3DD /* ViewController.swift */ = {isa = PBXFileReference; lastKnownFileType = sourcecode.swift; path = ViewController.swift; sourceTree = "<group>"; };
		6559391A243B469A005EF3DD /* Base */ = {isa = PBXFileReference; lastKnownFileType = file.storyboard; name = Base; path = Base.lproj/Main.storyboard; sourceTree = "<group>"; };
		6559391C243B469B005EF3DD /* Assets.xcassets */ = {isa = PBXFileReference; lastKnownFileType = folder.assetcatalog; path = Assets.xcassets; sourceTree = "<group>"; };
		6559391F243B469B005EF3DD /* Base */ = {isa = PBXFileReference; lastKnownFileType = file.storyboard; name = Base; path = Base.lproj/LaunchScreen.storyboard; sourceTree = "<group>"; };
		65593921243B469B005EF3DD /* Info.plist */ = {isa = PBXFileReference; lastKnownFileType = text.plist.xml; path = Info.plist; sourceTree = "<group>"; };
		65593927243B4D4A005EF3DD /* TwoTableViewController.swift */ = {isa = PBXFileReference; lastKnownFileType = sourcecode.swift; path = TwoTableViewController.swift; sourceTree = "<group>"; };
		65593929243B5598005EF3DD /* ThreeTABLEViewController.swift */ = {isa = PBXFileReference; lastKnownFileType = sourcecode.swift; path = ThreeTABLEViewController.swift; sourceTree = "<group>"; };
		6559392B243B55F6005EF3DD /* FourthTableViewController.swift */ = {isa = PBXFileReference; lastKnownFileType = sourcecode.swift; path = FourthTableViewController.swift; sourceTree = "<group>"; };
		6559392D243B5619005EF3DD /* FifthTableViewController.swift */ = {isa = PBXFileReference; lastKnownFileType = sourcecode.swift; path = FifthTableViewController.swift; sourceTree = "<group>"; };
/* End PBXFileReference section */

/* Begin PBXFrameworksBuildPhase section */
		6559390D243B469A005EF3DD /* Frameworks */ = {
			isa = PBXFrameworksBuildPhase;
			buildActionMask = 2147483647;
			files = (
			);
			runOnlyForDeploymentPostprocessing = 0;
		};
/* End PBXFrameworksBuildPhase section */

/* Begin PBXGroup section */
		65593907243B469A005EF3DD = {
			isa = PBXGroup;
			children = (
				65593912243B469A005EF3DD /* StepperDemo */,
				65593911243B469A005EF3DD /* Products */,
			);
			sourceTree = "<group>";
		};
		65593911243B469A005EF3DD /* Products */ = {
			isa = PBXGroup;
			children = (
				65593910243B469A005EF3DD /* StepperDemo.app */,
			);
			name = Products;
			sourceTree = "<group>";
		};
		65593912243B469A005EF3DD /* StepperDemo */ = {
			isa = PBXGroup;
			children = (
				65593913243B469A005EF3DD /* AppDelegate.swift */,
				65593915243B469A005EF3DD /* SceneDelegate.swift */,
				65593917243B469A005EF3DD /* ViewController.swift */,
				65593919243B469A005EF3DD /* Main.storyboard */,
				6559392D243B5619005EF3DD /* FifthTableViewController.swift */,
				65593927243B4D4A005EF3DD /* TwoTableViewController.swift */,
				65593929243B5598005EF3DD /* ThreeTABLEViewController.swift */,
				6559392B243B55F6005EF3DD /* FourthTableViewController.swift */,
				6559391C243B469B005EF3DD /* Assets.xcassets */,
				6559391E243B469B005EF3DD /* LaunchScreen.storyboard */,
				65593921243B469B005EF3DD /* Info.plist */,
			);
			path = StepperDemo;
			sourceTree = "<group>";
		};
/* End PBXGroup section */

/* Begin PBXNativeTarget section */
		6559390F243B469A005EF3DD /* StepperDemo */ = {
			isa = PBXNativeTarget;
			buildConfigurationList = 65593924243B469B005EF3DD /* Build configuration list for PBXNativeTarget "StepperDemo" */;
			buildPhases = (
				6559390C243B469A005EF3DD /* Sources */,
				6559390D243B469A005EF3DD /* Frameworks */,
				6559390E243B469A005EF3DD /* Resources */,
			);
			buildRules = (
			);
			dependencies = (
			);
			name = StepperDemo;
			productName = StepperDemo;
			productReference = 65593910243B469A005EF3DD /* StepperDemo.app */;
			productType = "com.apple.product-type.application";
		};
/* End PBXNativeTarget section */

/* Begin PBXProject section */
		65593908243B469A005EF3DD /* Project object */ = {
			isa = PBXProject;
			attributes = {
				LastSwiftUpdateCheck = 1120;
				LastUpgradeCheck = 1120;
				ORGANIZATIONNAME = "Mayurii Gajbhiye";
				TargetAttributes = {
					6559390F243B469A005EF3DD = {
						CreatedOnToolsVersion = 11.2.1;
					};
				};
			};
			buildConfigurationList = 6559390B243B469A005EF3DD /* Build configuration list for PBXProject "StepperDemo" */;
			compatibilityVersion = "Xcode 9.3";
			developmentRegion = en;
			hasScannedForEncodings = 0;
			knownRegions = (
				en,
				Base,
			);
			mainGroup = 65593907243B469A005EF3DD;
			productRefGroup = 65593911243B469A005EF3DD /* Products */;
			projectDirPath = "";
			projectRoot = "";
			targets = (
				6559390F243B469A005EF3DD /* StepperDemo */,
			);
		};
/* End PBXProject section */

/* Begin PBXResourcesBuildPhase section */
		6559390E243B469A005EF3DD /* Resources */ = {
			isa = PBXResourcesBuildPhase;
			buildActionMask = 2147483647;
			files = (
				65593920243B469B005EF3DD /* LaunchScreen.storyboard in Resources */,
				6559391D243B469B005EF3DD /* Assets.xcassets in Resources */,
				6559391B243B469A005EF3DD /* Main.storyboard in Resources */,
			);
			runOnlyForDeploymentPostprocessing = 0;
		};
/* End PBXResourcesBuildPhase section */

/* Begin PBXSourcesBuildPhase section */
		6559390C243B469A005EF3DD /* Sources */ = {
			isa = PBXSourcesBuildPhase;
			buildActionMask = 2147483647;
			files = (
				6559392A243B5598005EF3DD /* ThreeTABLEViewController.swift in Sources */,
				6559392E243B5619005EF3DD /* FifthTableViewController.swift in Sources */,
				65593928243B4D4A005EF3DD /* TwoTableViewController.swift in Sources */,
				65593918243B469A005EF3DD /* ViewController.swift in Sources */,
				6559392C243B55F6005EF3DD /* FourthTableViewController.swift in Sources */,
				65593914243B469A005EF3DD /* AppDelegate.swift in Sources */,
				65593916243B469A005EF3DD /* SceneDelegate.swift in Sources */,
			);
			runOnlyForDeploymentPostprocessing = 0;
		};
/* End PBXSourcesBuildPhase section */

/* Begin PBXVariantGroup section */
		65593919243B469A005EF3DD /* Main.storyboard */ = {
			isa = PBXVariantGroup;
			children = (
				6559391A243B469A005EF3DD /* Base */,
			);
			name = Main.storyboard;
			sourceTree = "<group>";
		};
		6559391E243B469B005EF3DD /* LaunchScreen.storyboard */ = {
			isa = PBXVariantGroup;
			children = (
				6559391F243B469B005EF3DD /* Base */,
			);
			name = LaunchScreen.storyboard;
			sourceTree = "<group>";
		};
/* End PBXVariantGroup section */

/* Begin XCBuildConfiguration section */
		65593922243B469B005EF3DD /* Debug */ = {
			isa = XCBuildConfiguration;
			buildSettings = {
				ALWAYS_SEARCH_USER_PATHS = NO;
				CLANG_ANALYZER_NONNULL = YES;
				CLANG_ANALYZER_NUMBER_OBJECT_CONVERSION = YES_AGGRESSIVE;
				CLANG_CXX_LANGUAGE_STANDARD = "gnu++14";
				CLANG_CXX_LIBRARY = "libc++";
				CLANG_ENABLE_MODULES = YES;
				CLANG_ENABLE_OBJC_ARC = YES;
				CLANG_ENABLE_OBJC_WEAK = YES;
				CLANG_WARN_BLOCK_CAPTURE_AUTORELEASING = YES;
				CLANG_WARN_BOOL_CONVERSION = YES;
				CLANG_WARN_COMMA = YES;
				CLANG_WARN_CONSTANT_CONVERSION = YES;
				CLANG_WARN_DEPRECATED_OBJC_IMPLEMENTATIONS = YES;
				CLANG_WARN_DIRECT_OBJC_ISA_USAGE = YES_ERROR;
				CLANG_WARN_DOCUMENTATION_COMMENTS = YES;
				CLANG_WARN_EMPTY_BODY = YES;
				CLANG_WARN_ENUM_CONVERSION = YES;
				CLANG_WARN_INFINITE_RECURSION = YES;
				CLANG_WARN_INT_CONVERSION = YES;
				CLANG_WARN_NON_LITERAL_NULL_CONVERSION = YES;
				CLANG_WARN_OBJC_IMPLICIT_RETAIN_SELF = YES;
				CLANG_WARN_OBJC_LITERAL_CONVERSION = YES;
				CLANG_WARN_OBJC_ROOT_CLASS = YES_ERROR;
				CLANG_WARN_RANGE_LOOP_ANALYSIS = YES;
				CLANG_WARN_STRICT_PROTOTYPES = YES;
				CLANG_WARN_SUSPICIOUS_MOVE = YES;
				CLANG_WARN_UNGUARDED_AVAILABILITY = YES_AGGRESSIVE;
				CLANG_WARN_UNREACHABLE_CODE = YES;
				CLANG_WARN__DUPLICATE_METHOD_MATCH = YES;
				COPY_PHASE_STRIP = NO;
				DEBUG_INFORMATION_FORMAT = dwarf;
				ENABLE_STRICT_OBJC_MSGSEND = YES;
				ENABLE_TESTABILITY = YES;
				GCC_C_LANGUAGE_STANDARD = gnu11;
				GCC_DYNAMIC_NO_PIC = NO;
				GCC_NO_COMMON_BLOCKS = YES;
				GCC_OPTIMIZATION_LEVEL = 0;
				GCC_PREPROCESSOR_DEFINITIONS = (
					"DEBUG=1",
					"$(inherited)",
				);
				GCC_WARN_64_TO_32_BIT_CONVERSION = YES;
				GCC_WARN_ABOUT_RETURN_TYPE = YES_ERROR;
				GCC_WARN_UNDECLARED_SELECTOR = YES;
				GCC_WARN_UNINITIALIZED_AUTOS = YES_AGGRESSIVE;
				GCC_WARN_UNUSED_FUNCTION = YES;
				GCC_WARN_UNUSED_VARIABLE = YES;
				IPHONEOS_DEPLOYMENT_TARGET = 13.2;
				MTL_ENABLE_DEBUG_INFO = INCLUDE_SOURCE;
				MTL_FAST_MATH = YES;
				ONLY_ACTIVE_ARCH = YES;
				SDKROOT = iphoneos;
				SWIFT_ACTIVE_COMPILATION_CONDITIONS = DEBUG;
				SWIFT_OPTIMIZATION_LEVEL = "-Onone";
			};
			name = Debug;
		};
		65593923243B469B005EF3DD /* Release */ = {
			isa = XCBuildConfiguration;
			buildSettings = {
				ALWAYS_SEARCH_USER_PATHS = NO;
				CLANG_ANALYZER_NONNULL = YES;
				CLANG_ANALYZER_NUMBER_OBJECT_CONVERSION = YES_AGGRESSIVE;
				CLANG_CXX_LANGUAGE_STANDARD = "gnu++14";
				CLANG_CXX_LIBRARY = "libc++";
				CLANG_ENABLE_MODULES = YES;
				CLANG_ENABLE_OBJC_ARC = YES;
				CLANG_ENABLE_OBJC_WEAK = YES;
				CLANG_WARN_BLOCK_CAPTURE_AUTORELEASING = YES;
				CLANG_WARN_BOOL_CONVERSION = YES;
				CLANG_WARN_COMMA = YES;
				CLANG_WARN_CONSTANT_CONVERSION = YES;
				CLANG_WARN_DEPRECATED_OBJC_IMPLEMENTATIONS = YES;
				CLANG_WARN_DIRECT_OBJC_ISA_USAGE = YES_ERROR;
				CLANG_WARN_DOCUMENTATION_COMMENTS = YES;
				CLANG_WARN_EMPTY_BODY = YES;
				CLANG_WARN_ENUM_CONVERSION = YES;
				CLANG_WARN_INFINITE_RECURSION = YES;
				CLANG_WARN_INT_CONVERSION = YES;
				CLANG_WARN_NON_LITERAL_NULL_CONVERSION = YES;
				CLANG_WARN_OBJC_IMPLICIT_RETAIN_SELF = YES;
				CLANG_WARN_OBJC_LITERAL_CONVERSION = YES;
				CLANG_WARN_OBJC_ROOT_CLASS = YES_ERROR;
				CLANG_WARN_RANGE_LOOP_ANALYSIS = YES;
				CLANG_WARN_STRICT_PROTOTYPES = YES;
				CLANG_WARN_SUSPICIOUS_MOVE = YES;
				CLANG_WARN_UNGUARDED_AVAILABILITY = YES_AGGRESSIVE;
				CLANG_WARN_UNREACHABLE_CODE = YES;
				CLANG_WARN__DUPLICATE_METHOD_MATCH = YES;
				COPY_PHASE_STRIP = NO;
				DEBUG_INFORMATION_FORMAT = "dwarf-with-dsym";
				ENABLE_NS_ASSERTIONS = NO;
				ENABLE_STRICT_OBJC_MSGSEND = YES;
				GCC_C_LANGUAGE_STANDARD = gnu11;
				GCC_NO_COMMON_BLOCKS = YES;
				GCC_WARN_64_TO_32_BIT_CONVERSION = YES;
				GCC_WARN_ABOUT_RETURN_TYPE = YES_ERROR;
				GCC_WARN_UNDECLARED_SELECTOR = YES;
				GCC_WARN_UNINITIALIZED_AUTOS = YES_AGGRESSIVE;
				GCC_WARN_UNUSED_FUNCTION = YES;
				GCC_WARN_UNUSED_VARIABLE = YES;
				IPHONEOS_DEPLOYMENT_TARGET = 13.2;
				MTL_ENABLE_DEBUG_INFO = NO;
				MTL_FAST_MATH = YES;
				SDKROOT = iphoneos;
				SWIFT_COMPILATION_MODE = wholemodule;
				SWIFT_OPTIMIZATION_LEVEL = "-O";
				VALIDATE_PRODUCT = YES;
			};
			name = Release;
		};
		65593925243B469B005EF3DD /* Debug */ = {
			isa = XCBuildConfiguration;
			buildSettings = {
				ASSETCATALOG_COMPILER_APPICON_NAME = AppIcon;
				CODE_SIGN_STYLE = Automatic;
				INFOPLIST_FILE = StepperDemo/Info.plist;
				LD_RUNPATH_SEARCH_PATHS = (
					"$(inherited)",
					"@executable_path/Frameworks",
				);
				PRODUCT_BUNDLE_IDENTIFIER = in.mac.StepperDemo;
				PRODUCT_NAME = "$(TARGET_NAME)";
				SWIFT_VERSION = 5.0;
				TARGETED_DEVICE_FAMILY = "1,2";
			};
			name = Debug;
		};
		65593926243B469B005EF3DD /* Release */ = {
			isa = XCBuildConfiguration;
			buildSettings = {
				ASSETCATALOG_COMPILER_APPICON_NAME = AppIcon;
				CODE_SIGN_STYLE = Automatic;
				INFOPLIST_FILE = StepperDemo/Info.plist;
				LD_RUNPATH_SEARCH_PATHS = (
					"$(inherited)",
					"@executable_path/Frameworks",
				);
				PRODUCT_BUNDLE_IDENTIFIER = in.mac.StepperDemo;
				PRODUCT_NAME = "$(TARGET_NAME)";
				SWIFT_VERSION = 5.0;
				TARGETED_DEVICE_FAMILY = "1,2";
			};
			name = Release;
		};
/* End XCBuildConfiguration section */

/* Begin XCConfigurationList section */
		6559390B243B469A005EF3DD /* Build configuration list for PBXProject "StepperDemo" */ = {
			isa = XCConfigurationList;
			buildConfigurations = (
				65593922243B469B005EF3DD /* Debug */,
				65593923243B469B005EF3DD /* Release */,
			);
			defaultConfigurationIsVisible = 0;
			defaultConfigurationName = Release;
		};
		65593924243B469B005EF3DD /* Build configuration list for PBXNativeTarget "StepperDemo" */ = {
			isa = XCConfigurationList;
			buildConfigurations = (
				65593925243B469B005EF3DD /* Debug */,
				65593926243B469B005EF3DD /* Release */,
			);
			defaultConfigurationIsVisible = 0;
			defaultConfigurationName = Release;
		};
/* End XCConfigurationList section */
	};
	rootObject = 65593908243B469A005EF3DD /* Project object */;
}
